
Microsoft Visual Studio Solution File, Format Version 11.00
# Visual Studio 2010
Project("{FAE04EC0-301F-11D3-BF4B-00C04F79EFBC}") = "FOR3L", "Assembly-CSharp.csproj", "{6A8CF3ED-58EA-D738-48D5-CE80B170D39A}"
EndProject
Global
	GlobalSection(SolutionConfigurationPlatforms) = preSolution
		Debug|Any CPU = Debug|Any CPU
		Release|Any CPU = Release|Any CPU
	EndGlobalSection
	GlobalSection(ProjectConfigurationPlatforms) = postSolution
		{6A8CF3ED-58EA-D738-48D5-CE80B170D39A}.Debug|Any CPU.ActiveCfg = Debug|Any CPU
		{6A8CF3ED-58EA-D738-48D5-CE80B170D39A}.Debug|Any CPU.Build.0 = Debug|Any CPU
		{6A8CF3ED-58EA-D738-48D5-CE80B170D39A}.Release|Any CPU.ActiveCfg = Release|Any CPU
		{6A8CF3ED-58EA-D738-48D5-CE80B170D39A}.Release|Any CPU.Build.0 = Release|Any CPU
	EndGlobalSection
	GlobalSection(SolutionProperties) = preSolution
		HideSolutionNode = FALSE
	EndGlobalSection
	GlobalSection(MonoDevelopProperties) = preSolution
		StartupItem = Assembly-CSharp.csproj
	EndGlobalSection
EndGlobal
